
Microsoft Visual Studio Solution File, Format Version 12.00
# Visual Studio Version 17
VisualStudioVersion = 17.2.32616.157
MinimumVisualStudioVersion = 10.0.40219.1
Project("{FAE04EC0-301F-11D3-BF4B-00C04F79EFBC}") = "Xand0", "Xand0\Xand0.csproj", "{4EA6C213-5CDF-4379-BA09-D4FC31F999F1}"
EndProject
Global
	GlobalSection(SolutionConfigurationPlatforms) = preSolution
		Debug|Any CPU = Debug|Any CPU
		Release|Any CPU = Release|Any CPU
	EndGlobalSection
	GlobalSection(ProjectConfigurationPlatforms) = postSolution
		{4EA6C213-5CDF-4379-BA09-D4FC31F999F1}.Debug|Any CPU.ActiveCfg = Debug|Any CPU
		{4EA6C213-5CDF-4379-BA09-D4FC31F999F1}.Debug|Any CPU.Build.0 = Debug|Any CPU
		{4EA6C213-5CDF-4379-BA09-D4FC31F999F1}.Release|Any CPU.ActiveCfg = Release|Any CPU
		{4EA6C213-5CDF-4379-BA09-D4FC31F999F1}.Release|Any CPU.Build.0 = Release|Any CPU
	EndGlobalSection
	GlobalSection(SolutionProperties) = preSolution
		HideSolutionNode = FALSE
	EndGlobalSection
	GlobalSection(ExtensibilityGlobals) = postSolution
		SolutionGuid = {441DC6CB-AB03-48F6-852F-54EF5B42E8A0}
	EndGlobalSection
EndGlobal
